// !$*UTF8*$!
{
	archiveVersion = 1;
	classes = {
	};
	objectVersion = 50;
	objects = {

/* Begin PBXBuildFile section */
		3DA96EF5253F7C26006B51E9 /* AppDelegate.swift in Sources */ = {isa = PBXBuildFile; fileRef = 3DA96EF4253F7C26006B51E9 /* AppDelegate.swift */; };
		3DA96EF7253F7C26006B51E9 /* SceneDelegate.swift in Sources */ = {isa = PBXBuildFile; fileRef = 3DA96EF6253F7C26006B51E9 /* SceneDelegate.swift */; };
		3DA96EF9253F7C26006B51E9 /* ContentView.swift in Sources */ = {isa = PBXBuildFile; fileRef = 3DA96EF8253F7C26006B51E9 /* ContentView.swift */; };
		3DA96EFB253F7C2A006B51E9 /* Assets.xcassets in Resources */ = {isa = PBXBuildFile; fileRef = 3DA96EFA253F7C2A006B51E9 /* Assets.xcassets */; };
		3DA96EFE253F7C2A006B51E9 /* Preview Assets.xcassets in Resources */ = {isa = PBXBuildFile; fileRef = 3DA96EFD253F7C2A006B51E9 /* Preview Assets.xcassets */; };
		3DA96F01253F7C2A006B51E9 /* LaunchScreen.storyboard in Resources */ = {isa = PBXBuildFile; fileRef = 3DA96EFF253F7C2A006B51E9 /* LaunchScreen.storyboard */; };
		3DA96F0C253F7C2A006B51E9 /* GiithubTestingTests.swift in Sources */ = {isa = PBXBuildFile; fileRef = 3DA96F0B253F7C2A006B51E9 /* GiithubTestingTests.swift */; };
		3DA96F17253F7C2A006B51E9 /* GiithubTestingUITests.swift in Sources */ = {isa = PBXBuildFile; fileRef = 3DA96F16253F7C2A006B51E9 /* GiithubTestingUITests.swift */; };
/* End PBXBuildFile section */

/* Begin PBXContainerItemProxy section */
		3DA96F08253F7C2A006B51E9 /* PBXContainerItemProxy */ = {
			isa = PBXContainerItemProxy;
			containerPortal = 3DA96EE9253F7C26006B51E9 /* Project object */;
			proxyType = 1;
			remoteGlobalIDString = 3DA96EF0253F7C26006B51E9;
			remoteInfo = GiithubTesting;
		};
		3DA96F13253F7C2A006B51E9 /* PBXContainerItemProxy */ = {
			isa = PBXContainerItemProxy;
			containerPortal = 3DA96EE9253F7C26006B51E9 /* Project object */;
			proxyType = 1;
			remoteGlobalIDString = 3DA96EF0253F7C26006B51E9;
			remoteInfo = GiithubTesting;
		};
/* End PBXContainerItemProxy section */

/* Begin PBXFileReference section */
		3DA96EF1253F7C26006B51E9 /* GiithubTesting.app */ = {isa = PBXFileReference; explicitFileType = wrapper.application; includeInIndex = 0; path = GiithubTesting.app; sourceTree = BUILT_PRODUCTS_DIR; };
		3DA96EF4253F7C26006B51E9 /* AppDelegate.swift */ = {isa = PBXFileReference; lastKnownFileType = sourcecode.swift; path = AppDelegate.swift; sourceTree = "<group>"; };
		3DA96EF6253F7C26006B51E9 /* SceneDelegate.swift */ = {isa = PBXFileReference; lastKnownFileType = sourcecode.swift; path = SceneDelegate.swift; sourceTree = "<group>"; };
		3DA96EF8253F7C26006B51E9 /* ContentView.swift */ = {isa = PBXFileReference; lastKnownFileType = sourcecode.swift; path = ContentView.swift; sourceTree = "<group>"; };
		3DA96EFA253F7C2A006B51E9 /* Assets.xcassets */ = {isa = PBXFileReference; lastKnownFileType = folder.assetcatalog; path = Assets.xcassets; sourceTree = "<group>"; };
		3DA96EFD253F7C2A006B51E9 /* Preview Assets.xcassets */ = {isa = PBXFileReference; lastKnownFileType = folder.assetcatalog; path = "Preview Assets.xcassets"; sourceTree = "<group>"; };
		3DA96F00253F7C2A006B51E9 /* Base */ = {isa = PBXFileReference; lastKnownFileType = file.storyboard; name = Base; path = Base.lproj/LaunchScreen.storyboard; sourceTree = "<group>"; };
		3DA96F02253F7C2A006B51E9 /* Info.plist */ = {isa = PBXFileReference; lastKnownFileType = text.plist.xml; path = Info.plist; sourceTree = "<group>"; };
		3DA96F07253F7C2A006B51E9 /* GiithubTestingTests.xctest */ = {isa = PBXFileReference; explicitFileType = wrapper.cfbundle; includeInIndex = 0; path = GiithubTestingTests.xctest; sourceTree = BUILT_PRODUCTS_DIR; };
		3DA96F0B253F7C2A006B51E9 /* GiithubTestingTests.swift */ = {isa = PBXFileReference; lastKnownFileType = sourcecode.swift; path = GiithubTestingTests.swift; sourceTree = "<group>"; };
		3DA96F0D253F7C2A006B51E9 /* Info.plist */ = {isa = PBXFileReference; lastKnownFileType = text.plist.xml; path = Info.plist; sourceTree = "<group>"; };
		3DA96F12253F7C2A006B51E9 /* GiithubTestingUITests.xctest */ = {isa = PBXFileReference; explicitFileType = wrapper.cfbundle; includeInIndex = 0; path = GiithubTestingUITests.xctest; sourceTree = BUILT_PRODUCTS_DIR; };
		3DA96F16253F7C2A006B51E9 /* GiithubTestingUITests.swift */ = {isa = PBXFileReference; lastKnownFileType = sourcecode.swift; path = GiithubTestingUITests.swift; sourceTree = "<group>"; };
		3DA96F18253F7C2A006B51E9 /* Info.plist */ = {isa = PBXFileReference; lastKnownFileType = text.plist.xml; path = Info.plist; sourceTree = "<group>"; };
/* End PBXFileReference section */

/* Begin PBXFrameworksBuildPhase section */
		3DA96EEE253F7C26006B51E9 /* Frameworks */ = {
			isa = PBXFrameworksBuildPhase;
			buildActionMask = 2147483647;
			files = (
			);
			runOnlyForDeploymentPostprocessing = 0;
		};
		3DA96F04253F7C2A006B51E9 /* Frameworks */ = {
			isa = PBXFrameworksBuildPhase;
			buildActionMask = 2147483647;
			files = (
			);
			runOnlyForDeploymentPostprocessing = 0;
		};
		3DA96F0F253F7C2A006B51E9 /* Frameworks */ = {
			isa = PBXFrameworksBuildPhase;
			buildActionMask = 2147483647;
			files = (
			);
			runOnlyForDeploymentPostprocessing = 0;
		};
/* End PBXFrameworksBuildPhase section */

/* Begin PBXGroup section */
		3DA96EE8253F7C26006B51E9 = {
			isa = PBXGroup;
			children = (
				3DA96EF3253F7C26006B51E9 /* GiithubTesting */,
				3DA96F0A253F7C2A006B51E9 /* GiithubTestingTests */,
				3DA96F15253F7C2A006B51E9 /* GiithubTestingUITests */,
				3DA96EF2253F7C26006B51E9 /* Products */,
			);
			sourceTree = "<group>";
		};
		3DA96EF2253F7C26006B51E9 /* Products */ = {
			isa = PBXGroup;
			children = (
				3DA96EF1253F7C26006B51E9 /* GiithubTesting.app */,
				3DA96F07253F7C2A006B51E9 /* GiithubTestingTests.xctest */,
				3DA96F12253F7C2A006B51E9 /* GiithubTestingUITests.xctest */,
			);
			name = Products;
			sourceTree = "<group>";
		};
		3DA96EF3253F7C26006B51E9 /* GiithubTesting */ = {
			isa = PBXGroup;
			children = (
				3DA96EF4253F7C26006B51E9 /* AppDelegate.swift */,
				3DA96EF6253F7C26006B51E9 /* SceneDelegate.swift */,
				3DA96EF8253F7C26006B51E9 /* ContentView.swift */,
				3DA96EFA253F7C2A006B51E9 /* Assets.xcassets */,
				3DA96EFF253F7C2A006B51E9 /* LaunchScreen.storyboard */,
				3DA96F02253F7C2A006B51E9 /* Info.plist */,
				3DA96EFC253F7C2A006B51E9 /* Preview Content */,
			);
			path = GiithubTesting;
			sourceTree = "<group>";
		};
		3DA96EFC253F7C2A006B51E9 /* Preview Content */ = {
			isa = PBXGroup;
			children = (
				3DA96EFD253F7C2A006B51E9 /* Preview Assets.xcassets */,
			);
			path = "Preview Content";
			sourceTree = "<group>";
		};
		3DA96F0A253F7C2A006B51E9 /* GiithubTestingTests */ = {
			isa = PBXGroup;
			children = (
				3DA96F0B253F7C2A006B51E9 /* GiithubTestingTests.swift */,
				3DA96F0D253F7C2A006B51E9 /* Info.plist */,
			);
			path = GiithubTestingTests;
			sourceTree = "<group>";
		};
		3DA96F15253F7C2A006B51E9 /* GiithubTestingUITests */ = {
			isa = PBXGroup;
			children = (
				3DA96F16253F7C2A006B51E9 /* GiithubTestingUITests.swift */,
				3DA96F18253F7C2A006B51E9 /* Info.plist */,
			);
			path = GiithubTestingUITests;
			sourceTree = "<group>";
		};
/* End PBXGroup section */

/* Begin PBXNativeTarget section */
		3DA96EF0253F7C26006B51E9 /* GiithubTesting */ = {
			isa = PBXNativeTarget;
			buildConfigurationList = 3DA96F1B253F7C2A006B51E9 /* Build configuration list for PBXNativeTarget "GiithubTesting" */;
			buildPhases = (
				3DA96EED253F7C26006B51E9 /* Sources */,
				3DA96EEE253F7C26006B51E9 /* Frameworks */,
				3DA96EEF253F7C26006B51E9 /* Resources */,
			);
			buildRules = (
			);
			dependencies = (
			);
			name = GiithubTesting;
			productName = GiithubTesting;
			productReference = 3DA96EF1253F7C26006B51E9 /* GiithubTesting.app */;
			productType = "com.apple.product-type.application";
		};
		3DA96F06253F7C2A006B51E9 /* GiithubTestingTests */ = {
			isa = PBXNativeTarget;
			buildConfigurationList = 3DA96F1E253F7C2A006B51E9 /* Build configuration list for PBXNativeTarget "GiithubTestingTests" */;
			buildPhases = (
				3DA96F03253F7C2A006B51E9 /* Sources */,
				3DA96F04253F7C2A006B51E9 /* Frameworks */,
				3DA96F05253F7C2A006B51E9 /* Resources */,
			);
			buildRules = (
			);
			dependencies = (
				3DA96F09253F7C2A006B51E9 /* PBXTargetDependency */,
			);
			name = GiithubTestingTests;
			productName = GiithubTestingTests;
			productReference = 3DA96F07253F7C2A006B51E9 /* GiithubTestingTests.xctest */;
			productType = "com.apple.product-type.bundle.unit-test";
		};
		3DA96F11253F7C2A006B51E9 /* GiithubTestingUITests */ = {
			isa = PBXNativeTarget;
			buildConfigurationList = 3DA96F21253F7C2A006B51E9 /* Build configuration list for PBXNativeTarget "GiithubTestingUITests" */;
			buildPhases = (
				3DA96F0E253F7C2A006B51E9 /* Sources */,
				3DA96F0F253F7C2A006B51E9 /* Frameworks */,
				3DA96F10253F7C2A006B51E9 /* Resources */,
			);
			buildRules = (
			);
			dependencies = (
				3DA96F14253F7C2A006B51E9 /* PBXTargetDependency */,
			);
			name = GiithubTestingUITests;
			productName = GiithubTestingUITests;
			productReference = 3DA96F12253F7C2A006B51E9 /* GiithubTestingUITests.xctest */;
			productType = "com.apple.product-type.bundle.ui-testing";
		};
/* End PBXNativeTarget section */

/* Begin PBXProject section */
		3DA96EE9253F7C26006B51E9 /* Project object */ = {
			isa = PBXProject;
			attributes = {
				LastSwiftUpdateCheck = 1130;
				LastUpgradeCheck = 1130;
				ORGANIZATIONNAME = "Ashley Saju";
				TargetAttributes = {
					3DA96EF0253F7C26006B51E9 = {
						CreatedOnToolsVersion = 11.3.1;
					};
					3DA96F06253F7C2A006B51E9 = {
						CreatedOnToolsVersion = 11.3.1;
						TestTargetID = 3DA96EF0253F7C26006B51E9;
					};
					3DA96F11253F7C2A006B51E9 = {
						CreatedOnToolsVersion = 11.3.1;
						TestTargetID = 3DA96EF0253F7C26006B51E9;
					};
				};
			};
			buildConfigurationList = 3DA96EEC253F7C26006B51E9 /* Build configuration list for PBXProject "GiithubTesting" */;
			compatibilityVersion = "Xcode 9.3";
			developmentRegion = en;
			hasScannedForEncodings = 0;
			knownRegions = (
				en,
				Base,
			);
			mainGroup = 3DA96EE8253F7C26006B51E9;
			productRefGroup = 3DA96EF2253F7C26006B51E9 /* Products */;
			projectDirPath = "";
			projectRoot = "";
			targets = (
				3DA96EF0253F7C26006B51E9 /* GiithubTesting */,
				3DA96F06253F7C2A006B51E9 /* GiithubTestingTests */,
				3DA96F11253F7C2A006B51E9 /* GiithubTestingUITests */,
			);
		};
/* End PBXProject section */

/* Begin PBXResourcesBuildPhase section */
		3DA96EEF253F7C26006B51E9 /* Resources */ = {
			isa = PBXResourcesBuildPhase;
			buildActionMask = 2147483647;
			files = (
				3DA96F01253F7C2A006B51E9 /* LaunchScreen.storyboard in Resources */,
				3DA96EFE253F7C2A006B51E9 /* Preview Assets.xcassets in Resources */,
				3DA96EFB253F7C2A006B51E9 /* Assets.xcassets in Resources */,
			);
			runOnlyForDeploymentPostprocessing = 0;
		};
		3DA96F05253F7C2A006B51E9 /* Resources */ = {
			isa = PBXResourcesBuildPhase;
			buildActionMask = 2147483647;
			files = (
			);
			runOnlyForDeploymentPostprocessing = 0;
		};
		3DA96F10253F7C2A006B51E9 /* Resources */ = {
			isa = PBXResourcesBuildPhase;
			buildActionMask = 2147483647;
			files = (
			);
			runOnlyForDeploymentPostprocessing = 0;
		};
/* End PBXResourcesBuildPhase section */

/* Begin PBXSourcesBuildPhase section */
		3DA96EED253F7C26006B51E9 /* Sources */ = {
			isa = PBXSourcesBuildPhase;
			buildActionMask = 2147483647;
			files = (
				3DA96EF5253F7C26006B51E9 /* AppDelegate.swift in Sources */,
				3DA96EF7253F7C26006B51E9 /* SceneDelegate.swift in Sources */,
				3DA96EF9253F7C26006B51E9 /* ContentView.swift in Sources */,
			);
			runOnlyForDeploymentPostprocessing = 0;
		};
		3DA96F03253F7C2A006B51E9 /* Sources */ = {
			isa = PBXSourcesBuildPhase;
			buildActionMask = 2147483647;
			files = (
				3DA96F0C253F7C2A006B51E9 /* GiithubTestingTests.swift in Sources */,
			);
			runOnlyForDeploymentPostprocessing = 0;
		};
		3DA96F0E253F7C2A006B51E9 /* Sources */ = {
			isa = PBXSourcesBuildPhase;
			buildActionMask = 2147483647;
			files = (
				3DA96F17253F7C2A006B51E9 /* GiithubTestingUITests.swift in Sources */,
			);
			runOnlyForDeploymentPostprocessing = 0;
		};
/* End PBXSourcesBuildPhase section */

/* Begin PBXTargetDependency section */
		3DA96F09253F7C2A006B51E9 /* PBXTargetDependency */ = {
			isa = PBXTargetDependency;
			target = 3DA96EF0253F7C26006B51E9 /* GiithubTesting */;
			targetProxy = 3DA96F08253F7C2A006B51E9 /* PBXContainerItemProxy */;
		};
		3DA96F14253F7C2A006B51E9 /* PBXTargetDependency */ = {
			isa = PBXTargetDependency;
			target = 3DA96EF0253F7C26006B51E9 /* GiithubTesting */;
			targetProxy = 3DA96F13253F7C2A006B51E9 /* PBXContainerItemProxy */;
		};
/* End PBXTargetDependency section */

/* Begin PBXVariantGroup section */
		3DA96EFF253F7C2A006B51E9 /* LaunchScreen.storyboard */ = {
			isa = PBXVariantGroup;
			children = (
				3DA96F00253F7C2A006B51E9 /* Base */,
			);
			name = LaunchScreen.storyboard;
			sourceTree = "<group>";
		};
/* End PBXVariantGroup section */

/* Begin XCBuildConfiguration section */
		3DA96F19253F7C2A006B51E9 /* Debug */ = {
			isa = XCBuildConfiguration;
			buildSettings = {
				ALWAYS_SEARCH_USER_PATHS = NO;
				CLANG_ANALYZER_NONNULL = YES;
				CLANG_ANALYZER_NUMBER_OBJECT_CONVERSION = YES_AGGRESSIVE;
				CLANG_CXX_LANGUAGE_STANDARD = "gnu++14";
				CLANG_CXX_LIBRARY = "libc++";
				CLANG_ENABLE_MODULES = YES;
				CLANG_ENABLE_OBJC_ARC = YES;
				CLANG_ENABLE_OBJC_WEAK = YES;
				CLANG_WARN_BLOCK_CAPTURE_AUTORELEASING = YES;
				CLANG_WARN_BOOL_CONVERSION = YES;
				CLANG_WARN_COMMA = YES;
				CLANG_WARN_CONSTANT_CONVERSION = YES;
				CLANG_WARN_DEPRECATED_OBJC_IMPLEMENTATIONS = YES;
				CLANG_WARN_DIRECT_OBJC_ISA_USAGE = YES_ERROR;
				CLANG_WARN_DOCUMENTATION_COMMENTS = YES;
				CLANG_WARN_EMPTY_BODY = YES;
				CLANG_WARN_ENUM_CONVERSION = YES;
				CLANG_WARN_INFINITE_RECURSION = YES;
				CLANG_WARN_INT_CONVERSION = YES;
				CLANG_WARN_NON_LITERAL_NULL_CONVERSION = YES;
				CLANG_WARN_OBJC_IMPLICIT_RETAIN_SELF = YES;
				CLANG_WARN_OBJC_LITERAL_CONVERSION = YES;
				CLANG_WARN_OBJC_ROOT_CLASS = YES_ERROR;
				CLANG_WARN_RANGE_LOOP_ANALYSIS = YES;
				CLANG_WARN_STRICT_PROTOTYPES = YES;
				CLANG_WARN_SUSPICIOUS_MOVE = YES;
				CLANG_WARN_UNGUARDED_AVAILABILITY = YES_AGGRESSIVE;
				CLANG_WARN_UNREACHABLE_CODE = YES;
				CLANG_WARN__DUPLICATE_METHOD_MATCH = YES;
				COPY_PHASE_STRIP = NO;
				DEBUG_INFORMATION_FORMAT = dwarf;
				ENABLE_STRICT_OBJC_MSGSEND = YES;
				ENABLE_TESTABILITY = YES;
				GCC_C_LANGUAGE_STANDARD = gnu11;
				GCC_DYNAMIC_NO_PIC = NO;
				GCC_NO_COMMON_BLOCKS = YES;
				GCC_OPTIMIZATION_LEVEL = 0;
				GCC_PREPROCESSOR_DEFINITIONS = (
					"DEBUG=1",
					"$(inherited)",
				);
				GCC_WARN_64_TO_32_BIT_CONVERSION = YES;
				GCC_WARN_ABOUT_RETURN_TYPE = YES_ERROR;
				GCC_WARN_UNDECLARED_SELECTOR = YES;
				GCC_WARN_UNINITIALIZED_AUTOS = YES_AGGRESSIVE;
				GCC_WARN_UNUSED_FUNCTION = YES;
				GCC_WARN_UNUSED_VARIABLE = YES;
				IPHONEOS_DEPLOYMENT_TARGET = 13.2;
				MTL_ENABLE_DEBUG_INFO = INCLUDE_SOURCE;
				MTL_FAST_MATH = YES;
				ONLY_ACTIVE_ARCH = YES;
				SDKROOT = iphoneos;
				SWIFT_ACTIVE_COMPILATION_CONDITIONS = DEBUG;
				SWIFT_OPTIMIZATION_LEVEL = "-Onone";
			};
			name = Debug;
		};
		3DA96F1A253F7C2A006B51E9 /* Release */ = {
			isa = XCBuildConfiguration;
			buildSettings = {
				ALWAYS_SEARCH_USER_PATHS = NO;
				CLANG_ANALYZER_NONNULL = YES;
				CLANG_ANALYZER_NUMBER_OBJECT_CONVERSION = YES_AGGRESSIVE;
				CLANG_CXX_LANGUAGE_STANDARD = "gnu++14";
				CLANG_CXX_LIBRARY = "libc++";
				CLANG_ENABLE_MODULES = YES;
				CLANG_ENABLE_OBJC_ARC = YES;
				CLANG_ENABLE_OBJC_WEAK = YES;
				CLANG_WARN_BLOCK_CAPTURE_AUTORELEASING = YES;
				CLANG_WARN_BOOL_CONVERSION = YES;
				CLANG_WARN_COMMA = YES;
				CLANG_WARN_CONSTANT_CONVERSION = YES;
				CLANG_WARN_DEPRECATED_OBJC_IMPLEMENTATIONS = YES;
				CLANG_WARN_DIRECT_OBJC_ISA_USAGE = YES_ERROR;
				CLANG_WARN_DOCUMENTATION_COMMENTS = YES;
				CLANG_WARN_EMPTY_BODY = YES;
				CLANG_WARN_ENUM_CONVERSION = YES;
				CLANG_WARN_INFINITE_RECURSION = YES;
				CLANG_WARN_INT_CONVERSION = YES;
				CLANG_WARN_NON_LITERAL_NULL_CONVERSION = YES;
				CLANG_WARN_OBJC_IMPLICIT_RETAIN_SELF = YES;
				CLANG_WARN_OBJC_LITERAL_CONVERSION = YES;
				CLANG_WARN_OBJC_ROOT_CLASS = YES_ERROR;
				CLANG_WARN_RANGE_LOOP_ANALYSIS = YES;
				CLANG_WARN_STRICT_PROTOTYPES = YES;
				CLANG_WARN_SUSPICIOUS_MOVE = YES;
				CLANG_WARN_UNGUARDED_AVAILABILITY = YES_AGGRESSIVE;
				CLANG_WARN_UNREACHABLE_CODE = YES;
				CLANG_WARN__DUPLICATE_METHOD_MATCH = YES;
				COPY_PHASE_STRIP = NO;
				DEBUG_INFORMATION_FORMAT = "dwarf-with-dsym";
				ENABLE_NS_ASSERTIONS = NO;
				ENABLE_STRICT_OBJC_MSGSEND = YES;
				GCC_C_LANGUAGE_STANDARD = gnu11;
				GCC_NO_COMMON_BLOCKS = YES;
				GCC_WARN_64_TO_32_BIT_CONVERSION = YES;
				GCC_WARN_ABOUT_RETURN_TYPE = YES_ERROR;
				GCC_WARN_UNDECLARED_SELECTOR = YES;
				GCC_WARN_UNINITIALIZED_AUTOS = YES_AGGRESSIVE;
				GCC_WARN_UNUSED_FUNCTION = YES;
				GCC_WARN_UNUSED_VARIABLE = YES;
				IPHONEOS_DEPLOYMENT_TARGET = 13.2;
				MTL_ENABLE_DEBUG_INFO = NO;
				MTL_FAST_MATH = YES;
				SDKROOT = iphoneos;
				SWIFT_COMPILATION_MODE = wholemodule;
				SWIFT_OPTIMIZATION_LEVEL = "-O";
				VALIDATE_PRODUCT = YES;
			};
			name = Release;
		};
		3DA96F1C253F7C2A006B51E9 /* Debug */ = {
			isa = XCBuildConfiguration;
			buildSettings = {
				ASSETCATALOG_COMPILER_APPICON_NAME = AppIcon;
				CODE_SIGN_STYLE = Automatic;
				DEVELOPMENT_ASSET_PATHS = "\"GiithubTesting/Preview Content\"";
				ENABLE_PREVIEWS = YES;
				INFOPLIST_FILE = GiithubTesting/Info.plist;
				LD_RUNPATH_SEARCH_PATHS = (
					"$(inherited)",
					"@executable_path/Frameworks",
				);
				PRODUCT_BUNDLE_IDENTIFIER = JHHS.622363.GiithubTesting;
				PRODUCT_NAME = "$(TARGET_NAME)";
				SWIFT_VERSION = 5.0;
				TARGETED_DEVICE_FAMILY = "1,2";
			};
			name = Debug;
		};
		3DA96F1D253F7C2A006B51E9 /* Release */ = {
			isa = XCBuildConfiguration;
			buildSettings = {
				ASSETCATALOG_COMPILER_APPICON_NAME = AppIcon;
				CODE_SIGN_STYLE = Automatic;
				DEVELOPMENT_ASSET_PATHS = "\"GiithubTesting/Preview Content\"";
				ENABLE_PREVIEWS = YES;
				INFOPLIST_FILE = GiithubTesting/Info.plist;
				LD_RUNPATH_SEARCH_PATHS = (
					"$(inherited)",
					"@executable_path/Frameworks",
				);
				PRODUCT_BUNDLE_IDENTIFIER = JHHS.622363.GiithubTesting;
				PRODUCT_NAME = "$(TARGET_NAME)";
				SWIFT_VERSION = 5.0;
				TARGETED_DEVICE_FAMILY = "1,2";
			};
			name = Release;
		};
		3DA96F1F253F7C2A006B51E9 /* Debug */ = {
			isa = XCBuildConfiguration;
			buildSettings = {
				ALWAYS_EMBED_SWIFT_STANDARD_LIBRARIES = YES;
				BUNDLE_LOADER = "$(TEST_HOST)";
				CODE_SIGN_STYLE = Automatic;
				INFOPLIST_FILE = GiithubTestingTests/Info.plist;
				IPHONEOS_DEPLOYMENT_TARGET = 13.2;
				LD_RUNPATH_SEARCH_PATHS = (
					"$(inherited)",
					"@executable_path/Frameworks",
					"@loader_path/Frameworks",
				);
				PRODUCT_BUNDLE_IDENTIFIER = JHHS.622363.GiithubTestingTests;
				PRODUCT_NAME = "$(TARGET_NAME)";
				SWIFT_VERSION = 5.0;
				TARGETED_DEVICE_FAMILY = "1,2";
				TEST_HOST = "$(BUILT_PRODUCTS_DIR)/GiithubTesting.app/GiithubTesting";
			};
			name = Debug;
		};
		3DA96F20253F7C2A006B51E9 /* Release */ = {
			isa = XCBuildConfiguration;
			buildSettings = {
				ALWAYS_EMBED_SWIFT_STANDARD_LIBRARIES = YES;
				BUNDLE_LOADER = "$(TEST_HOST)";
				CODE_SIGN_STYLE = Automatic;
				INFOPLIST_FILE = GiithubTestingTests/Info.plist;
				IPHONEOS_DEPLOYMENT_TARGET = 13.2;
				LD_RUNPATH_SEARCH_PATHS = (
					"$(inherited)",
					"@executable_path/Frameworks",
					"@loader_path/Frameworks",
				);
				PRODUCT_BUNDLE_IDENTIFIER = JHHS.622363.GiithubTestingTests;
				PRODUCT_NAME = "$(TARGET_NAME)";
				SWIFT_VERSION = 5.0;
				TARGETED_DEVICE_FAMILY = "1,2";
				TEST_HOST = "$(BUILT_PRODUCTS_DIR)/GiithubTesting.app/GiithubTesting";
			};
			name = Release;
		};
		3DA96F22253F7C2A006B51E9 /* Debug */ = {
			isa = XCBuildConfiguration;
			buildSettings = {
				ALWAYS_EMBED_SWIFT_STANDARD_LIBRARIES = YES;
				CODE_SIGN_STYLE = Automatic;
				INFOPLIST_FILE = GiithubTestingUITests/Info.plist;
				LD_RUNPATH_SEARCH_PATHS = (
					"$(inherited)",
					"@executable_path/Frameworks",
					"@loader_path/Frameworks",
				);
				PRODUCT_BUNDLE_IDENTIFIER = JHHS.622363.GiithubTestingUITests;
				PRODUCT_NAME = "$(TARGET_NAME)";
				SWIFT_VERSION = 5.0;
				TARGETED_DEVICE_FAMILY = "1,2";
				TEST_TARGET_NAME = GiithubTesting;
			};
			name = Debug;
		};
		3DA96F23253F7C2A006B51E9 /* Release */ = {
			isa = XCBuildConfiguration;
			buildSettings = {
				ALWAYS_EMBED_SWIFT_STANDARD_LIBRARIES = YES;
				CODE_SIGN_STYLE = Automatic;
				INFOPLIST_FILE = GiithubTestingUITests/Info.plist;
				LD_RUNPATH_SEARCH_PATHS = (
					"$(inherited)",
					"@executable_path/Frameworks",
					"@loader_path/Frameworks",
				);
				PRODUCT_BUNDLE_IDENTIFIER = JHHS.622363.GiithubTestingUITests;
				PRODUCT_NAME = "$(TARGET_NAME)";
				SWIFT_VERSION = 5.0;
				TARGETED_DEVICE_FAMILY = "1,2";
				TEST_TARGET_NAME = GiithubTesting;
			};
			name = Release;
		};
/* End XCBuildConfiguration section */

/* Begin XCConfigurationList section */
		3DA96EEC253F7C26006B51E9 /* Build configuration list for PBXProject "GiithubTesting" */ = {
			isa = XCConfigurationList;
			buildConfigurations = (
				3DA96F19253F7C2A006B51E9 /* Debug */,
				3DA96F1A253F7C2A006B51E9 /* Release */,
			);
			defaultConfigurationIsVisible = 0;
			defaultConfigurationName = Release;
		};
		3DA96F1B253F7C2A006B51E9 /* Build configuration list for PBXNativeTarget "GiithubTesting" */ = {
			isa = XCConfigurationList;
			buildConfigurations = (
				3DA96F1C253F7C2A006B51E9 /* Debug */,
				3DA96F1D253F7C2A006B51E9 /* Release */,
			);
			defaultConfigurationIsVisible = 0;
			defaultConfigurationName = Release;
		};
		3DA96F1E253F7C2A006B51E9 /* Build configuration list for PBXNativeTarget "GiithubTestingTests" */ = {
			isa = XCConfigurationList;
			buildConfigurations = (
				3DA96F1F253F7C2A006B51E9 /* Debug */,
				3DA96F20253F7C2A006B51E9 /* Release */,
			);
			defaultConfigurationIsVisible = 0;
			defaultConfigurationName = Release;
		};
		3DA96F21253F7C2A006B51E9 /* Build configuration list for PBXNativeTarget "GiithubTestingUITests" */ = {
			isa = XCConfigurationList;
			buildConfigurations = (
				3DA96F22253F7C2A006B51E9 /* Debug */,
				3DA96F23253F7C2A006B51E9 /* Release */,
			);
			defaultConfigurationIsVisible = 0;
			defaultConfigurationName = Release;
		};
/* End XCConfigurationList section */
	};
	rootObject = 3DA96EE9253F7C26006B51E9 /* Project object */;
}
